
Microsoft Visual Studio Solution File, Format Version 12.00
# Visual Studio Version 17
VisualStudioVersion = 17.3.32929.385
MinimumVisualStudioVersion = 10.0.40219.1
Project("{FAE04EC0-301F-11D3-BF4B-00C04F79EFBC}") = "task2", "task2\task2.csproj", "{B3BAFCF5-0154-4E6E-A279-CA73DB77EB78}"
EndProject
Global
	GlobalSection(SolutionConfigurationPlatforms) = preSolution
		Debug|Any CPU = Debug|Any CPU
		Release|Any CPU = Release|Any CPU
	EndGlobalSection
	GlobalSection(ProjectConfigurationPlatforms) = postSolution
		{B3BAFCF5-0154-4E6E-A279-CA73DB77EB78}.Debug|Any CPU.ActiveCfg = Debug|Any CPU
		{B3BAFCF5-0154-4E6E-A279-CA73DB77EB78}.Debug|Any CPU.Build.0 = Debug|Any CPU
		{B3BAFCF5-0154-4E6E-A279-CA73DB77EB78}.Release|Any CPU.ActiveCfg = Release|Any CPU
		{B3BAFCF5-0154-4E6E-A279-CA73DB77EB78}.Release|Any CPU.Build.0 = Release|Any CPU
	EndGlobalSection
	GlobalSection(SolutionProperties) = preSolution
		HideSolutionNode = FALSE
	EndGlobalSection
	GlobalSection(ExtensibilityGlobals) = postSolution
		SolutionGuid = {41DBBB1D-A7AE-42EE-BFB8-F66E9BF15A34}
	EndGlobalSection
EndGlobal
